// !$*UTF8*$!
{
	archiveVersion = 1;
	classes = {
	};
	objectVersion = 52;
	objects = {

/* Begin PBXBuildFile section */
		21E3DB0E25CC6D6700C85718 /* AppDelegate.swift in Sources */ = {isa = PBXBuildFile; fileRef = 21E3DB0D25CC6D6700C85718 /* AppDelegate.swift */; };
		21E3DB1025CC6D6700C85718 /* SceneDelegate.swift in Sources */ = {isa = PBXBuildFile; fileRef = 21E3DB0F25CC6D6700C85718 /* SceneDelegate.swift */; };
		21E3DB1225CC6D6700C85718 /* WeatherViewController.swift in Sources */ = {isa = PBXBuildFile; fileRef = 21E3DB1125CC6D6700C85718 /* WeatherViewController.swift */; };
		21E3DB1525CC6D6700C85718 /* Main.storyboard in Resources */ = {isa = PBXBuildFile; fileRef = 21E3DB1325CC6D6700C85718 /* Main.storyboard */; };
		21E3DB1725CC6D6A00C85718 /* Assets.xcassets in Resources */ = {isa = PBXBuildFile; fileRef = 21E3DB1625CC6D6A00C85718 /* Assets.xcassets */; };
		21E3DB1A25CC6D6A00C85718 /* LaunchScreen.storyboard in Resources */ = {isa = PBXBuildFile; fileRef = 21E3DB1825CC6D6A00C85718 /* LaunchScreen.storyboard */; };
		21E3DB2625CC6E6D00C85718 /* ChangeCityViewController.swift in Sources */ = {isa = PBXBuildFile; fileRef = 21E3DB2525CC6E6C00C85718 /* ChangeCityViewController.swift */; };
		21E3DB2D25CC6F1000C85718 /* WeatherDataModel.swift in Sources */ = {isa = PBXBuildFile; fileRef = 21E3DB2C25CC6F1000C85718 /* WeatherDataModel.swift */; };
		21E3DB3525CC704300C85718 /* DesignableTextField.swift in Sources */ = {isa = PBXBuildFile; fileRef = 21E3DB3425CC704300C85718 /* DesignableTextField.swift */; };
		21E3DB3925CC706100C85718 /* BounceButton.swift in Sources */ = {isa = PBXBuildFile; fileRef = 21E3DB3825CC706100C85718 /* BounceButton.swift */; };
		21E3DB3C25CC707600C85718 /* DesignButton.swift in Sources */ = {isa = PBXBuildFile; fileRef = 21E3DB3B25CC707600C85718 /* DesignButton.swift */; };
		B9786B1425CD8B610063CD04 /* Alamofire in Frameworks */ = {isa = PBXBuildFile; productRef = B9786B1325CD8B610063CD04 /* Alamofire */; };
		B9786B1825CD8B780063CD04 /* SwiftyJSON in Frameworks */ = {isa = PBXBuildFile; productRef = B9786B1725CD8B780063CD04 /* SwiftyJSON */; };
		B9E8F5CE25CDA9380039B52A /* Roboto-Medium.ttf in Resources */ = {isa = PBXBuildFile; fileRef = B9E8F5CD25CDA9380039B52A /* Roboto-Medium.ttf */; };
/* End PBXBuildFile section */

/* Begin PBXFileReference section */
		21E3DB0A25CC6D6700C85718 /* OpenWeatherApp.app */ = {isa = PBXFileReference; explicitFileType = wrapper.application; includeInIndex = 0; path = OpenWeatherApp.app; sourceTree = BUILT_PRODUCTS_DIR; };
		21E3DB0D25CC6D6700C85718 /* AppDelegate.swift */ = {isa = PBXFileReference; lastKnownFileType = sourcecode.swift; path = AppDelegate.swift; sourceTree = "<group>"; };
		21E3DB0F25CC6D6700C85718 /* SceneDelegate.swift */ = {isa = PBXFileReference; lastKnownFileType = sourcecode.swift; path = SceneDelegate.swift; sourceTree = "<group>"; };
		21E3DB1125CC6D6700C85718 /* WeatherViewController.swift */ = {isa = PBXFileReference; lastKnownFileType = sourcecode.swift; path = WeatherViewController.swift; sourceTree = "<group>"; };
		21E3DB1425CC6D6700C85718 /* Base */ = {isa = PBXFileReference; lastKnownFileType = file.storyboard; name = Base; path = Base.lproj/Main.storyboard; sourceTree = "<group>"; };
		21E3DB1625CC6D6A00C85718 /* Assets.xcassets */ = {isa = PBXFileReference; lastKnownFileType = folder.assetcatalog; path = Assets.xcassets; sourceTree = "<group>"; };
		21E3DB1925CC6D6A00C85718 /* Base */ = {isa = PBXFileReference; lastKnownFileType = file.storyboard; name = Base; path = Base.lproj/LaunchScreen.storyboard; sourceTree = "<group>"; };
		21E3DB1B25CC6D6A00C85718 /* Info.plist */ = {isa = PBXFileReference; lastKnownFileType = text.plist.xml; path = Info.plist; sourceTree = "<group>"; };
		21E3DB2525CC6E6C00C85718 /* ChangeCityViewController.swift */ = {isa = PBXFileReference; lastKnownFileType = sourcecode.swift; path = ChangeCityViewController.swift; sourceTree = "<group>"; };
		21E3DB2C25CC6F1000C85718 /* WeatherDataModel.swift */ = {isa = PBXFileReference; lastKnownFileType = sourcecode.swift; path = WeatherDataModel.swift; sourceTree = "<group>"; };
		21E3DB3425CC704300C85718 /* DesignableTextField.swift */ = {isa = PBXFileReference; lastKnownFileType = sourcecode.swift; path = DesignableTextField.swift; sourceTree = "<group>"; };
		21E3DB3825CC706100C85718 /* BounceButton.swift */ = {isa = PBXFileReference; lastKnownFileType = sourcecode.swift; path = BounceButton.swift; sourceTree = "<group>"; };
		21E3DB3B25CC707600C85718 /* DesignButton.swift */ = {isa = PBXFileReference; lastKnownFileType = sourcecode.swift; path = DesignButton.swift; sourceTree = "<group>"; };
		B9E8F5CD25CDA9380039B52A /* Roboto-Medium.ttf */ = {isa = PBXFileReference; lastKnownFileType = file; path = "Roboto-Medium.ttf"; sourceTree = "<group>"; };
/* End PBXFileReference section */

/* Begin PBXFrameworksBuildPhase section */
		21E3DB0725CC6D6700C85718 /* Frameworks */ = {
			isa = PBXFrameworksBuildPhase;
			buildActionMask = 2147483647;
			files = (
				B9786B1825CD8B780063CD04 /* SwiftyJSON in Frameworks */,
				B9786B1425CD8B610063CD04 /* Alamofire in Frameworks */,
			);
			runOnlyForDeploymentPostprocessing = 0;
		};
/* End PBXFrameworksBuildPhase section */

/* Begin PBXGroup section */
		21E3DB0125CC6D6700C85718 = {
			isa = PBXGroup;
			children = (
				21E3DB0C25CC6D6700C85718 /* OpenWeatherApp */,
				21E3DB0B25CC6D6700C85718 /* Products */,
			);
			sourceTree = "<group>";
		};
		21E3DB0B25CC6D6700C85718 /* Products */ = {
			isa = PBXGroup;
			children = (
				21E3DB0A25CC6D6700C85718 /* OpenWeatherApp.app */,
			);
			name = Products;
			sourceTree = "<group>";
		};
		21E3DB0C25CC6D6700C85718 /* OpenWeatherApp */ = {
			isa = PBXGroup;
			children = (
				21E3DB2225CC6E3100C85718 /* AppDelegate */,
				21E3DB3325CC700E00C85718 /* ExtraResource */,
				21E3DB2B25CC6EFD00C85718 /* Model */,
				21E3DB2825CC6E7200C85718 /* Controller */,
				21E3DB2A25CC6E7B00C85718 /* View */,
				21E3DB1625CC6D6A00C85718 /* Assets.xcassets */,
				21E3DB1B25CC6D6A00C85718 /* Info.plist */,
			);
			path = OpenWeatherApp;
			sourceTree = "<group>";
		};
		21E3DB2225CC6E3100C85718 /* AppDelegate */ = {
			isa = PBXGroup;
			children = (
				21E3DB0D25CC6D6700C85718 /* AppDelegate.swift */,
				21E3DB0F25CC6D6700C85718 /* SceneDelegate.swift */,
			);
			path = AppDelegate;
			sourceTree = "<group>";
		};
		21E3DB2825CC6E7200C85718 /* Controller */ = {
			isa = PBXGroup;
			children = (
				21E3DB1125CC6D6700C85718 /* WeatherViewController.swift */,
				21E3DB2525CC6E6C00C85718 /* ChangeCityViewController.swift */,
			);
			path = Controller;
			sourceTree = "<group>";
		};
		21E3DB2A25CC6E7B00C85718 /* View */ = {
			isa = PBXGroup;
			children = (
				21E3DB1325CC6D6700C85718 /* Main.storyboard */,
				21E3DB1825CC6D6A00C85718 /* LaunchScreen.storyboard */,
			);
			path = View;
			sourceTree = "<group>";
		};
		21E3DB2B25CC6EFD00C85718 /* Model */ = {
			isa = PBXGroup;
			children = (
				21E3DB2C25CC6F1000C85718 /* WeatherDataModel.swift */,
			);
			path = Model;
			sourceTree = "<group>";
		};
		21E3DB3325CC700E00C85718 /* ExtraResource */ = {
			isa = PBXGroup;
			children = (
				B9E8F5CD25CDA9380039B52A /* Roboto-Medium.ttf */,
				21E3DB3425CC704300C85718 /* DesignableTextField.swift */,
				21E3DB3825CC706100C85718 /* BounceButton.swift */,
				21E3DB3B25CC707600C85718 /* DesignButton.swift */,
			);
			path = ExtraResource;
			sourceTree = "<group>";
		};
/* End PBXGroup section */

/* Begin PBXNativeTarget section */
		21E3DB0925CC6D6700C85718 /* OpenWeatherApp */ = {
			isa = PBXNativeTarget;
			buildConfigurationList = 21E3DB1E25CC6D6A00C85718 /* Build configuration list for PBXNativeTarget "OpenWeatherApp" */;
			buildPhases = (
				21E3DB0625CC6D6700C85718 /* Sources */,
				21E3DB0725CC6D6700C85718 /* Frameworks */,
				21E3DB0825CC6D6700C85718 /* Resources */,
			);
			buildRules = (
			);
			dependencies = (
			);
			name = OpenWeatherApp;
			packageProductDependencies = (
				B9786B1325CD8B610063CD04 /* Alamofire */,
				B9786B1725CD8B780063CD04 /* SwiftyJSON */,
			);
			productName = OpenWeatherApp;
			productReference = 21E3DB0A25CC6D6700C85718 /* OpenWeatherApp.app */;
			productType = "com.apple.product-type.application";
		};
/* End PBXNativeTarget section */

/* Begin PBXProject section */
		21E3DB0225CC6D6700C85718 /* Project object */ = {
			isa = PBXProject;
			attributes = {
				LastSwiftUpdateCheck = 1240;
				LastUpgradeCheck = 1240;
				TargetAttributes = {
					21E3DB0925CC6D6700C85718 = {
						CreatedOnToolsVersion = 12.4;
					};
				};
			};
			buildConfigurationList = 21E3DB0525CC6D6700C85718 /* Build configuration list for PBXProject "OpenWeatherApp" */;
			compatibilityVersion = "Xcode 9.3";
			developmentRegion = en;
			hasScannedForEncodings = 0;
			knownRegions = (
				en,
				Base,
			);
			mainGroup = 21E3DB0125CC6D6700C85718;
			packageReferences = (
				B9786B1225CD8B610063CD04 /* XCRemoteSwiftPackageReference "Alamofire" */,
				B9786B1625CD8B780063CD04 /* XCRemoteSwiftPackageReference "SwiftyJSON" */,
			);
			productRefGroup = 21E3DB0B25CC6D6700C85718 /* Products */;
			projectDirPath = "";
			projectRoot = "";
			targets = (
				21E3DB0925CC6D6700C85718 /* OpenWeatherApp */,
			);
		};
/* End PBXProject section */

/* Begin PBXResourcesBuildPhase section */
		21E3DB0825CC6D6700C85718 /* Resources */ = {
			isa = PBXResourcesBuildPhase;
			buildActionMask = 2147483647;
			files = (
				B9E8F5CE25CDA9380039B52A /* Roboto-Medium.ttf in Resources */,
				21E3DB1A25CC6D6A00C85718 /* LaunchScreen.storyboard in Resources */,
				21E3DB1725CC6D6A00C85718 /* Assets.xcassets in Resources */,
				21E3DB1525CC6D6700C85718 /* Main.storyboard in Resources */,
			);
			runOnlyForDeploymentPostprocessing = 0;
		};
/* End PBXResourcesBuildPhase section */

/* Begin PBXSourcesBuildPhase section */
		21E3DB0625CC6D6700C85718 /* Sources */ = {
			isa = PBXSourcesBuildPhase;
			buildActionMask = 2147483647;
			files = (
				21E3DB1225CC6D6700C85718 /* WeatherViewController.swift in Sources */,
				21E3DB3525CC704300C85718 /* DesignableTextField.swift in Sources */,
				21E3DB2D25CC6F1000C85718 /* WeatherDataModel.swift in Sources */,
				21E3DB3C25CC707600C85718 /* DesignButton.swift in Sources */,
				21E3DB0E25CC6D6700C85718 /* AppDelegate.swift in Sources */,
				21E3DB1025CC6D6700C85718 /* SceneDelegate.swift in Sources */,
				21E3DB3925CC706100C85718 /* BounceButton.swift in Sources */,
				21E3DB2625CC6E6D00C85718 /* ChangeCityViewController.swift in Sources */,
			);
			runOnlyForDeploymentPostprocessing = 0;
		};
/* End PBXSourcesBuildPhase section */

/* Begin PBXVariantGroup section */
		21E3DB1325CC6D6700C85718 /* Main.storyboard */ = {
			isa = PBXVariantGroup;
			children = (
				21E3DB1425CC6D6700C85718 /* Base */,
			);
			name = Main.storyboard;
			sourceTree = "<group>";
		};
		21E3DB1825CC6D6A00C85718 /* LaunchScreen.storyboard */ = {
			isa = PBXVariantGroup;
			children = (
				21E3DB1925CC6D6A00C85718 /* Base */,
			);
			name = LaunchScreen.storyboard;
			sourceTree = "<group>";
		};
/* End PBXVariantGroup section */

/* Begin XCBuildConfiguration section */
		21E3DB1C25CC6D6A00C85718 /* Debug */ = {
			isa = XCBuildConfiguration;
			buildSettings = {
				ALWAYS_SEARCH_USER_PATHS = NO;
				CLANG_ANALYZER_NONNULL = YES;
				CLANG_ANALYZER_NUMBER_OBJECT_CONVERSION = YES_AGGRESSIVE;
				CLANG_CXX_LANGUAGE_STANDARD = "gnu++14";
				CLANG_CXX_LIBRARY = "libc++";
				CLANG_ENABLE_MODULES = YES;
				CLANG_ENABLE_OBJC_ARC = YES;
				CLANG_ENABLE_OBJC_WEAK = YES;
				CLANG_WARN_BLOCK_CAPTURE_AUTORELEASING = YES;
				CLANG_WARN_BOOL_CONVERSION = YES;
				CLANG_WARN_COMMA = YES;
				CLANG_WARN_CONSTANT_CONVERSION = YES;
				CLANG_WARN_DEPRECATED_OBJC_IMPLEMENTATIONS = YES;
				CLANG_WARN_DIRECT_OBJC_ISA_USAGE = YES_ERROR;
				CLANG_WARN_DOCUMENTATION_COMMENTS = YES;
				CLANG_WARN_EMPTY_BODY = YES;
				CLANG_WARN_ENUM_CONVERSION = YES;
				CLANG_WARN_INFINITE_RECURSION = YES;
				CLANG_WARN_INT_CONVERSION = YES;
				CLANG_WARN_NON_LITERAL_NULL_CONVERSION = YES;
				CLANG_WARN_OBJC_IMPLICIT_RETAIN_SELF = YES;
				CLANG_WARN_OBJC_LITERAL_CONVERSION = YES;
				CLANG_WARN_OBJC_ROOT_CLASS = YES_ERROR;
				CLANG_WARN_QUOTED_INCLUDE_IN_FRAMEWORK_HEADER = YES;
				CLANG_WARN_RANGE_LOOP_ANALYSIS = YES;
				CLANG_WARN_STRICT_PROTOTYPES = YES;
				CLANG_WARN_SUSPICIOUS_MOVE = YES;
				CLANG_WARN_UNGUARDED_AVAILABILITY = YES_AGGRESSIVE;
				CLANG_WARN_UNREACHABLE_CODE = YES;
				CLANG_WARN__DUPLICATE_METHOD_MATCH = YES;
				COPY_PHASE_STRIP = NO;
				DEBUG_INFORMATION_FORMAT = dwarf;
				ENABLE_STRICT_OBJC_MSGSEND = YES;
				ENABLE_TESTABILITY = YES;
				GCC_C_LANGUAGE_STANDARD = gnu11;
				GCC_DYNAMIC_NO_PIC = NO;
				GCC_NO_COMMON_BLOCKS = YES;
				GCC_OPTIMIZATION_LEVEL = 0;
				GCC_PREPROCESSOR_DEFINITIONS = (
					"DEBUG=1",
					"$(inherited)",
				);
				GCC_WARN_64_TO_32_BIT_CONVERSION = YES;
				GCC_WARN_ABOUT_RETURN_TYPE = YES_ERROR;
				GCC_WARN_UNDECLARED_SELECTOR = YES;
				GCC_WARN_UNINITIALIZED_AUTOS = YES_AGGRESSIVE;
				GCC_WARN_UNUSED_FUNCTION = YES;
				GCC_WARN_UNUSED_VARIABLE = YES;
				IPHONEOS_DEPLOYMENT_TARGET = 14.4;
				MTL_ENABLE_DEBUG_INFO = INCLUDE_SOURCE;
				MTL_FAST_MATH = YES;
				ONLY_ACTIVE_ARCH = YES;
				SDKROOT = iphoneos;
				SWIFT_ACTIVE_COMPILATION_CONDITIONS = DEBUG;
				SWIFT_OPTIMIZATION_LEVEL = "-Onone";
			};
			name = Debug;
		};
		21E3DB1D25CC6D6A00C85718 /* Release */ = {
			isa = XCBuildConfiguration;
			buildSettings = {
				ALWAYS_SEARCH_USER_PATHS = NO;
				CLANG_ANALYZER_NONNULL = YES;
				CLANG_ANALYZER_NUMBER_OBJECT_CONVERSION = YES_AGGRESSIVE;
				CLANG_CXX_LANGUAGE_STANDARD = "gnu++14";
				CLANG_CXX_LIBRARY = "libc++";
				CLANG_ENABLE_MODULES = YES;
				CLANG_ENABLE_OBJC_ARC = YES;
				CLANG_ENABLE_OBJC_WEAK = YES;
				CLANG_WARN_BLOCK_CAPTURE_AUTORELEASING = YES;
				CLANG_WARN_BOOL_CONVERSION = YES;
				CLANG_WARN_COMMA = YES;
				CLANG_WARN_CONSTANT_CONVERSION = YES;
				CLANG_WARN_DEPRECATED_OBJC_IMPLEMENTATIONS = YES;
				CLANG_WARN_DIRECT_OBJC_ISA_USAGE = YES_ERROR;
				CLANG_WARN_DOCUMENTATION_COMMENTS = YES;
				CLANG_WARN_EMPTY_BODY = YES;
				CLANG_WARN_ENUM_CONVERSION = YES;
				CLANG_WARN_INFINITE_RECURSION = YES;
				CLANG_WARN_INT_CONVERSION = YES;
				CLANG_WARN_NON_LITERAL_NULL_CONVERSION = YES;
				CLANG_WARN_OBJC_IMPLICIT_RETAIN_SELF = YES;
				CLANG_WARN_OBJC_LITERAL_CONVERSION = YES;
				CLANG_WARN_OBJC_ROOT_CLASS = YES_ERROR;
				CLANG_WARN_QUOTED_INCLUDE_IN_FRAMEWORK_HEADER = YES;
				CLANG_WARN_RANGE_LOOP_ANALYSIS = YES;
				CLANG_WARN_STRICT_PROTOTYPES = YES;
				CLANG_WARN_SUSPICIOUS_MOVE = YES;
				CLANG_WARN_UNGUARDED_AVAILABILITY = YES_AGGRESSIVE;
				CLANG_WARN_UNREACHABLE_CODE = YES;
				CLANG_WARN__DUPLICATE_METHOD_MATCH = YES;
				COPY_PHASE_STRIP = NO;
				DEBUG_INFORMATION_FORMAT = "dwarf-with-dsym";
				ENABLE_NS_ASSERTIONS = NO;
				ENABLE_STRICT_OBJC_MSGSEND = YES;
				GCC_C_LANGUAGE_STANDARD = gnu11;
				GCC_NO_COMMON_BLOCKS = YES;
				GCC_WARN_64_TO_32_BIT_CONVERSION = YES;
				GCC_WARN_ABOUT_RETURN_TYPE = YES_ERROR;
				GCC_WARN_UNDECLARED_SELECTOR = YES;
				GCC_WARN_UNINITIALIZED_AUTOS = YES_AGGRESSIVE;
				GCC_WARN_UNUSED_FUNCTION = YES;
				GCC_WARN_UNUSED_VARIABLE = YES;
				IPHONEOS_DEPLOYMENT_TARGET = 14.4;
				MTL_ENABLE_DEBUG_INFO = NO;
				MTL_FAST_MATH = YES;
				SDKROOT = iphoneos;
				SWIFT_COMPILATION_MODE = wholemodule;
				SWIFT_OPTIMIZATION_LEVEL = "-O";
				VALIDATE_PRODUCT = YES;
			};
			name = Release;
		};
		21E3DB1F25CC6D6A00C85718 /* Debug */ = {
			isa = XCBuildConfiguration;
			buildSettings = {
				ASSETCATALOG_COMPILER_APPICON_NAME = AppIcon;
				ASSETCATALOG_COMPILER_GLOBAL_ACCENT_COLOR_NAME = AccentColor;
				CODE_SIGN_STYLE = Automatic;
				DEVELOPMENT_TEAM = QU577HR376;
				INFOPLIST_FILE = OpenWeatherApp/Info.plist;
				LD_RUNPATH_SEARCH_PATHS = (
					"$(inherited)",
					"@executable_path/Frameworks",
				);
				PRODUCT_BUNDLE_IDENTIFIER = lv.bootcamp.OpenWeatherApp;
				PRODUCT_NAME = "$(TARGET_NAME)";
				SWIFT_VERSION = 5.0;
				TARGETED_DEVICE_FAMILY = "1,2";
			};
			name = Debug;
		};
		21E3DB2025CC6D6A00C85718 /* Release */ = {
			isa = XCBuildConfiguration;
			buildSettings = {
				ASSETCATALOG_COMPILER_APPICON_NAME = AppIcon;
				ASSETCATALOG_COMPILER_GLOBAL_ACCENT_COLOR_NAME = AccentColor;
				CODE_SIGN_STYLE = Automatic;
				DEVELOPMENT_TEAM = QU577HR376;
				INFOPLIST_FILE = OpenWeatherApp/Info.plist;
				LD_RUNPATH_SEARCH_PATHS = (
					"$(inherited)",
					"@executable_path/Frameworks",
				);
				PRODUCT_BUNDLE_IDENTIFIER = lv.bootcamp.OpenWeatherApp;
				PRODUCT_NAME = "$(TARGET_NAME)";
				SWIFT_VERSION = 5.0;
				TARGETED_DEVICE_FAMILY = "1,2";
			};
			name = Release;
		};
/* End XCBuildConfiguration section */

/* Begin XCConfigurationList section */
		21E3DB0525CC6D6700C85718 /* Build configuration list for PBXProject "OpenWeatherApp" */ = {
			isa = XCConfigurationList;
			buildConfigurations = (
				21E3DB1C25CC6D6A00C85718 /* Debug */,
				21E3DB1D25CC6D6A00C85718 /* Release */,
			);
			defaultConfigurationIsVisible = 0;
			defaultConfigurationName = Release;
		};
		21E3DB1E25CC6D6A00C85718 /* Build configuration list for PBXNativeTarget "OpenWeatherApp" */ = {
			isa = XCConfigurationList;
			buildConfigurations = (
				21E3DB1F25CC6D6A00C85718 /* Debug */,
				21E3DB2025CC6D6A00C85718 /* Release */,
			);
			defaultConfigurationIsVisible = 0;
			defaultConfigurationName = Release;
		};
/* End XCConfigurationList section */

/* Begin XCRemoteSwiftPackageReference section */
		B9786B1225CD8B610063CD04 /* XCRemoteSwiftPackageReference "Alamofire" */ = {
			isa = XCRemoteSwiftPackageReference;
			repositoryURL = "https://github.com/Alamofire/Alamofire.git";
			requirement = {
				kind = upToNextMajorVersion;
				minimumVersion = 5.4.1;
			};
		};
		B9786B1625CD8B780063CD04 /* XCRemoteSwiftPackageReference "SwiftyJSON" */ = {
			isa = XCRemoteSwiftPackageReference;
			repositoryURL = "https://github.com/SwiftyJSON/SwiftyJSON.git";
			requirement = {
				kind = upToNextMajorVersion;
				minimumVersion = 5.0.0;
			};
		};
/* End XCRemoteSwiftPackageReference section */

/* Begin XCSwiftPackageProductDependency section */
		B9786B1325CD8B610063CD04 /* Alamofire */ = {
			isa = XCSwiftPackageProductDependency;
			package = B9786B1225CD8B610063CD04 /* XCRemoteSwiftPackageReference "Alamofire" */;
			productName = Alamofire;
		};
		B9786B1725CD8B780063CD04 /* SwiftyJSON */ = {
			isa = XCSwiftPackageProductDependency;
			package = B9786B1625CD8B780063CD04 /* XCRemoteSwiftPackageReference "SwiftyJSON" */;
			productName = SwiftyJSON;
		};
/* End XCSwiftPackageProductDependency section */
	};
	rootObject = 21E3DB0225CC6D6700C85718 /* Project object */;
}
